
Microsoft Visual Studio Solution File, Format Version 12.00
Project("{FAE04EC0-301F-11D3-BF4B-00C04F79EFBC}") = "YTT_5_1", "YTT_5_1\YTT_5_1.csproj", "{7F90E0C1-2BAC-4069-A13C-93D68A2FF78A}"
EndProject
Global
	GlobalSection(SolutionConfigurationPlatforms) = preSolution
		Debug|Any CPU = Debug|Any CPU
		Release|Any CPU = Release|Any CPU
	EndGlobalSection
	GlobalSection(ProjectConfigurationPlatforms) = postSolution
		{7F90E0C1-2BAC-4069-A13C-93D68A2FF78A}.Debug|Any CPU.ActiveCfg = Debug|Any CPU
		{7F90E0C1-2BAC-4069-A13C-93D68A2FF78A}.Debug|Any CPU.Build.0 = Debug|Any CPU
		{7F90E0C1-2BAC-4069-A13C-93D68A2FF78A}.Release|Any CPU.ActiveCfg = Release|Any CPU
		{7F90E0C1-2BAC-4069-A13C-93D68A2FF78A}.Release|Any CPU.Build.0 = Release|Any CPU
	EndGlobalSection
EndGlobal
